
Microsoft Visual Studio Solution File, Format Version 12.00
# Visual Studio Version 16
VisualStudioVersion = 16.0.30413.136
MinimumVisualStudioVersion = 10.0.40219.1
Project("{FAE04EC0-301F-11D3-BF4B-00C04F79EFBC}") = "SispdChatServer", "SispdChatServer\SispdChatServer.csproj", "{C991D293-8DF5-4EC2-A1CF-5FA70B5C0FA9}"
EndProject
Global
	GlobalSection(SolutionConfigurationPlatforms) = preSolution
		Debug|Any CPU = Debug|Any CPU
		Release|Any CPU = Release|Any CPU
	EndGlobalSection
	GlobalSection(ProjectConfigurationPlatforms) = postSolution
		{C991D293-8DF5-4EC2-A1CF-5FA70B5C0FA9}.Debug|Any CPU.ActiveCfg = Debug|Any CPU
		{C991D293-8DF5-4EC2-A1CF-5FA70B5C0FA9}.Debug|Any CPU.Build.0 = Debug|Any CPU
		{C991D293-8DF5-4EC2-A1CF-5FA70B5C0FA9}.Release|Any CPU.ActiveCfg = Release|Any CPU
		{C991D293-8DF5-4EC2-A1CF-5FA70B5C0FA9}.Release|Any CPU.Build.0 = Release|Any CPU
	EndGlobalSection
	GlobalSection(SolutionProperties) = preSolution
		HideSolutionNode = FALSE
	EndGlobalSection
	GlobalSection(ExtensibilityGlobals) = postSolution
		SolutionGuid = {8D1174E9-E376-4936-B580-93103C23D579}
	EndGlobalSection
EndGlobal
